// !$*UTF8*$!
{
	archiveVersion = 1;
	classes = {
	};
	objectVersion = 46;
	objects = {

/* Begin PBXBuildFile section */
		8E1471F71E04999C006C1F5B /* BreakoutBehavior.swift in Sources */ = {isa = PBXBuildFile; fileRef = 8E1471F61E04999C006C1F5B /* BreakoutBehavior.swift */; };
		8E1471FD1E049A0C006C1F5B /* Ball.swift in Sources */ = {isa = PBXBuildFile; fileRef = 8E1471FC1E049A0C006C1F5B /* Ball.swift */; };
		8E32979A1DFEBEB90021B5D8 /* BreakoutViewController.swift in Sources */ = {isa = PBXBuildFile; fileRef = 8E3297991DFEBEB90021B5D8 /* BreakoutViewController.swift */; };
		8E32979D1DFEBEB90021B5D8 /* Main.storyboard in Resources */ = {isa = PBXBuildFile; fileRef = 8E32979B1DFEBEB90021B5D8 /* Main.storyboard */; };
		8E32979F1DFEBEB90021B5D8 /* Assets.xcassets in Resources */ = {isa = PBXBuildFile; fileRef = 8E32979E1DFEBEB90021B5D8 /* Assets.xcassets */; };
		8E3297A21DFEBEB90021B5D8 /* LaunchScreen.storyboard in Resources */ = {isa = PBXBuildFile; fileRef = 8E3297A01DFEBEB90021B5D8 /* LaunchScreen.storyboard */; };
		8E6D93DC1E365E810055CC7D /* Model.xcdatamodeld in Sources */ = {isa = PBXBuildFile; fileRef = 8E6D93DA1E365E810055CC7D /* Model.xcdatamodeld */; };
		8E6D93DE1E365F050055CC7D /* DataController.swift in Sources */ = {isa = PBXBuildFile; fileRef = 8E6D93DD1E365F050055CC7D /* DataController.swift */; };
		8E6D93E21E3661310055CC7D /* DataHelper.swift in Sources */ = {isa = PBXBuildFile; fileRef = 8E6D93E11E3661310055CC7D /* DataHelper.swift */; };
		8E6E04EB1E3778D5001E863D /* Ellipse.swift in Sources */ = {isa = PBXBuildFile; fileRef = 8E6E04EA1E3778D5001E863D /* Ellipse.swift */; };
		8E793E3B1E33A28600E2C370 /* HighscoreViewController.swift in Sources */ = {isa = PBXBuildFile; fileRef = 8E793E3A1E33A28600E2C370 /* HighscoreViewController.swift */; };
		8E793E3D1E33A51E00E2C370 /* PointResult.swift in Sources */ = {isa = PBXBuildFile; fileRef = 8E793E3C1E33A51E00E2C370 /* PointResult.swift */; };
		8E8F85531E32838C00B4ADE6 /* PaddleView.swift in Sources */ = {isa = PBXBuildFile; fileRef = 8E8F85521E32838C00B4ADE6 /* PaddleView.swift */; };
		8EE739421E0566CD00720FB1 /* TableViewController.swift in Sources */ = {isa = PBXBuildFile; fileRef = 8EE739411E0566CD00720FB1 /* TableViewController.swift */; };
		8EE739441E05672B00720FB1 /* AppDelegate.swift in Sources */ = {isa = PBXBuildFile; fileRef = 8EE739431E05672B00720FB1 /* AppDelegate.swift */; };
		8EE739461E05713100720FB1 /* Constants.swift in Sources */ = {isa = PBXBuildFile; fileRef = 8EE739451E05713100720FB1 /* Constants.swift */; };
		8EEE71301E36A026003D82A5 /* TestItem.swift in Sources */ = {isa = PBXBuildFile; fileRef = 8EEE712F1E36A026003D82A5 /* TestItem.swift */; };
/* End PBXBuildFile section */

/* Begin PBXContainerItemProxy section */
		8E3297A91DFEBEBA0021B5D8 /* PBXContainerItemProxy */ = {
			isa = PBXContainerItemProxy;
			containerPortal = 8E32978C1DFEBEB90021B5D8 /* Project object */;
			proxyType = 1;
			remoteGlobalIDString = 8E3297931DFEBEB90021B5D8;
			remoteInfo = breakout;
		};
		8E3297B41DFEBEBA0021B5D8 /* PBXContainerItemProxy */ = {
			isa = PBXContainerItemProxy;
			containerPortal = 8E32978C1DFEBEB90021B5D8 /* Project object */;
			proxyType = 1;
			remoteGlobalIDString = 8E3297931DFEBEB90021B5D8;
			remoteInfo = breakout;
		};
/* End PBXContainerItemProxy section */

/* Begin PBXFileReference section */
		8E1471F61E04999C006C1F5B /* BreakoutBehavior.swift */ = {isa = PBXFileReference; fileEncoding = 4; lastKnownFileType = sourcecode.swift; path = BreakoutBehavior.swift; sourceTree = "<group>"; };
		8E1471FC1E049A0C006C1F5B /* Ball.swift */ = {isa = PBXFileReference; fileEncoding = 4; lastKnownFileType = sourcecode.swift; name = Ball.swift; path = breakout/Ball.swift; sourceTree = "<group>"; };
		8E3297941DFEBEB90021B5D8 /* breakout.app */ = {isa = PBXFileReference; explicitFileType = wrapper.application; includeInIndex = 0; path = breakout.app; sourceTree = BUILT_PRODUCTS_DIR; };
		8E3297991DFEBEB90021B5D8 /* BreakoutViewController.swift */ = {isa = PBXFileReference; lastKnownFileType = sourcecode.swift; path = BreakoutViewController.swift; sourceTree = "<group>"; };
		8E32979C1DFEBEB90021B5D8 /* Base */ = {isa = PBXFileReference; lastKnownFileType = file.storyboard; name = Base; path = Base.lproj/Main.storyboard; sourceTree = "<group>"; };
		8E32979E1DFEBEB90021B5D8 /* Assets.xcassets */ = {isa = PBXFileReference; lastKnownFileType = folder.assetcatalog; path = Assets.xcassets; sourceTree = "<group>"; };
		8E3297A11DFEBEB90021B5D8 /* Base */ = {isa = PBXFileReference; lastKnownFileType = file.storyboard; name = Base; path = Base.lproj/LaunchScreen.storyboard; sourceTree = "<group>"; };
		8E3297A31DFEBEB90021B5D8 /* Info.plist */ = {isa = PBXFileReference; lastKnownFileType = text.plist.xml; path = Info.plist; sourceTree = "<group>"; };
		8E3297A81DFEBEBA0021B5D8 /* breakoutTests.xctest */ = {isa = PBXFileReference; explicitFileType = wrapper.cfbundle; includeInIndex = 0; path = breakoutTests.xctest; sourceTree = BUILT_PRODUCTS_DIR; };
		8E3297B31DFEBEBA0021B5D8 /* breakoutUITests.xctest */ = {isa = PBXFileReference; explicitFileType = wrapper.cfbundle; includeInIndex = 0; path = breakoutUITests.xctest; sourceTree = BUILT_PRODUCTS_DIR; };
		8E6D93DB1E365E810055CC7D /* Model.xcdatamodel */ = {isa = PBXFileReference; lastKnownFileType = wrapper.xcdatamodel; path = Model.xcdatamodel; sourceTree = "<group>"; };
		8E6D93DD1E365F050055CC7D /* DataController.swift */ = {isa = PBXFileReference; fileEncoding = 4; lastKnownFileType = sourcecode.swift; path = DataController.swift; sourceTree = "<group>"; };
		8E6D93E11E3661310055CC7D /* DataHelper.swift */ = {isa = PBXFileReference; fileEncoding = 4; lastKnownFileType = sourcecode.swift; path = DataHelper.swift; sourceTree = "<group>"; };
		8E6E04EA1E3778D5001E863D /* Ellipse.swift */ = {isa = PBXFileReference; fileEncoding = 4; lastKnownFileType = sourcecode.swift; path = Ellipse.swift; sourceTree = "<group>"; };
		8E793E3A1E33A28600E2C370 /* HighscoreViewController.swift */ = {isa = PBXFileReference; fileEncoding = 4; lastKnownFileType = sourcecode.swift; name = HighscoreViewController.swift; path = ../HighscoreViewController.swift; sourceTree = "<group>"; };
		8E793E3C1E33A51E00E2C370 /* PointResult.swift */ = {isa = PBXFileReference; fileEncoding = 4; lastKnownFileType = sourcecode.swift; path = PointResult.swift; sourceTree = "<group>"; };
		8E8F85521E32838C00B4ADE6 /* PaddleView.swift */ = {isa = PBXFileReference; fileEncoding = 4; lastKnownFileType = sourcecode.swift; path = PaddleView.swift; sourceTree = "<group>"; };
		8EE739411E0566CD00720FB1 /* TableViewController.swift */ = {isa = PBXFileReference; fileEncoding = 4; lastKnownFileType = sourcecode.swift; path = TableViewController.swift; sourceTree = "<group>"; };
		8EE739431E05672B00720FB1 /* AppDelegate.swift */ = {isa = PBXFileReference; fileEncoding = 4; lastKnownFileType = sourcecode.swift; path = AppDelegate.swift; sourceTree = "<group>"; };
		8EE739451E05713100720FB1 /* Constants.swift */ = {isa = PBXFileReference; fileEncoding = 4; lastKnownFileType = sourcecode.swift; path = Constants.swift; sourceTree = "<group>"; };
		8EEE712F1E36A026003D82A5 /* TestItem.swift */ = {isa = PBXFileReference; fileEncoding = 4; lastKnownFileType = sourcecode.swift; path = TestItem.swift; sourceTree = "<group>"; };
/* End PBXFileReference section */

/* Begin PBXFrameworksBuildPhase section */
		8E3297911DFEBEB90021B5D8 /* Frameworks */ = {
			isa = PBXFrameworksBuildPhase;
			buildActionMask = 2147483647;
			files = (
			);
			runOnlyForDeploymentPostprocessing = 0;
		};
		8E3297A51DFEBEBA0021B5D8 /* Frameworks */ = {
			isa = PBXFrameworksBuildPhase;
			buildActionMask = 2147483647;
			files = (
			);
			runOnlyForDeploymentPostprocessing = 0;
		};
		8E3297B01DFEBEBA0021B5D8 /* Frameworks */ = {
			isa = PBXFrameworksBuildPhase;
			buildActionMask = 2147483647;
			files = (
			);
			runOnlyForDeploymentPostprocessing = 0;
		};
/* End PBXFrameworksBuildPhase section */

/* Begin PBXGroup section */
		8E32978B1DFEBEB90021B5D8 = {
			isa = PBXGroup;
			children = (
				8E1471FC1E049A0C006C1F5B /* Ball.swift */,
				8E3297961DFEBEB90021B5D8 /* breakout */,
				8E3297951DFEBEB90021B5D8 /* Products */,
			);
			sourceTree = "<group>";
		};
		8E3297951DFEBEB90021B5D8 /* Products */ = {
			isa = PBXGroup;
			children = (
				8E3297941DFEBEB90021B5D8 /* breakout.app */,
				8E3297A81DFEBEBA0021B5D8 /* breakoutTests.xctest */,
				8E3297B31DFEBEBA0021B5D8 /* breakoutUITests.xctest */,
			);
			name = Products;
			sourceTree = "<group>";
		};
		8E3297961DFEBEB90021B5D8 /* breakout */ = {
			isa = PBXGroup;
			children = (
				8E793E3A1E33A28600E2C370 /* HighscoreViewController.swift */,
				8E793E3C1E33A51E00E2C370 /* PointResult.swift */,
				8E3297991DFEBEB90021B5D8 /* BreakoutViewController.swift */,
				8E8F85521E32838C00B4ADE6 /* PaddleView.swift */,
				8E32979B1DFEBEB90021B5D8 /* Main.storyboard */,
				8E32979E1DFEBEB90021B5D8 /* Assets.xcassets */,
				8E3297A01DFEBEB90021B5D8 /* LaunchScreen.storyboard */,
				8E3297A31DFEBEB90021B5D8 /* Info.plist */,
				8EE739451E05713100720FB1 /* Constants.swift */,
				8E1471F61E04999C006C1F5B /* BreakoutBehavior.swift */,
				8EE739411E0566CD00720FB1 /* TableViewController.swift */,
				8EE739431E05672B00720FB1 /* AppDelegate.swift */,
				8E6D93DA1E365E810055CC7D /* Model.xcdatamodeld */,
				8E6D93DD1E365F050055CC7D /* DataController.swift */,
				8E6D93E11E3661310055CC7D /* DataHelper.swift */,
				8EEE712F1E36A026003D82A5 /* TestItem.swift */,
				8E6E04EA1E3778D5001E863D /* Ellipse.swift */,
			);
			path = breakout;
			sourceTree = "<group>";
		};
/* End PBXGroup section */

/* Begin PBXNativeTarget section */
		8E3297931DFEBEB90021B5D8 /* breakout */ = {
			isa = PBXNativeTarget;
			buildConfigurationList = 8E3297BC1DFEBEBA0021B5D8 /* Build configuration list for PBXNativeTarget "breakout" */;
			buildPhases = (
				8E3297901DFEBEB90021B5D8 /* Sources */,
				8E3297911DFEBEB90021B5D8 /* Frameworks */,
				8E3297921DFEBEB90021B5D8 /* Resources */,
			);
			buildRules = (
			);
			dependencies = (
			);
			name = breakout;
			productName = breakout;
			productReference = 8E3297941DFEBEB90021B5D8 /* breakout.app */;
			productType = "com.apple.product-type.application";
		};
		8E3297A71DFEBEBA0021B5D8 /* breakoutTests */ = {
			isa = PBXNativeTarget;
			buildConfigurationList = 8E3297BF1DFEBEBA0021B5D8 /* Build configuration list for PBXNativeTarget "breakoutTests" */;
			buildPhases = (
				8E3297A41DFEBEBA0021B5D8 /* Sources */,
				8E3297A51DFEBEBA0021B5D8 /* Frameworks */,
				8E3297A61DFEBEBA0021B5D8 /* Resources */,
			);
			buildRules = (
			);
			dependencies = (
				8E3297AA1DFEBEBA0021B5D8 /* PBXTargetDependency */,
			);
			name = breakoutTests;
			productName = breakoutTests;
			productReference = 8E3297A81DFEBEBA0021B5D8 /* breakoutTests.xctest */;
			productType = "com.apple.product-type.bundle.unit-test";
		};
		8E3297B21DFEBEBA0021B5D8 /* breakoutUITests */ = {
			isa = PBXNativeTarget;
			buildConfigurationList = 8E3297C21DFEBEBA0021B5D8 /* Build configuration list for PBXNativeTarget "breakoutUITests" */;
			buildPhases = (
				8E3297AF1DFEBEBA0021B5D8 /* Sources */,
				8E3297B01DFEBEBA0021B5D8 /* Frameworks */,
				8E3297B11DFEBEBA0021B5D8 /* Resources */,
			);
			buildRules = (
			);
			dependencies = (
				8E3297B51DFEBEBA0021B5D8 /* PBXTargetDependency */,
			);
			name = breakoutUITests;
			productName = breakoutUITests;
			productReference = 8E3297B31DFEBEBA0021B5D8 /* breakoutUITests.xctest */;
			productType = "com.apple.product-type.bundle.ui-testing";
		};
/* End PBXNativeTarget section */

/* Begin PBXProject section */
		8E32978C1DFEBEB90021B5D8 /* Project object */ = {
			isa = PBXProject;
			attributes = {
				LastSwiftUpdateCheck = 0800;
				LastUpgradeCheck = 0800;
				ORGANIZATIONNAME = "Lukas Paluch";
				TargetAttributes = {
					8E3297931DFEBEB90021B5D8 = {
						CreatedOnToolsVersion = 8.0;
						ProvisioningStyle = Automatic;
					};
					8E3297A71DFEBEBA0021B5D8 = {
						CreatedOnToolsVersion = 8.0;
						ProvisioningStyle = Automatic;
						TestTargetID = 8E3297931DFEBEB90021B5D8;
					};
					8E3297B21DFEBEBA0021B5D8 = {
						CreatedOnToolsVersion = 8.0;
						ProvisioningStyle = Automatic;
						TestTargetID = 8E3297931DFEBEB90021B5D8;
					};
				};
			};
			buildConfigurationList = 8E32978F1DFEBEB90021B5D8 /* Build configuration list for PBXProject "breakout" */;
			compatibilityVersion = "Xcode 3.2";
			developmentRegion = English;
			hasScannedForEncodings = 0;
			knownRegions = (
				en,
				Base,
			);
			mainGroup = 8E32978B1DFEBEB90021B5D8;
			productRefGroup = 8E3297951DFEBEB90021B5D8 /* Products */;
			projectDirPath = "";
			projectRoot = "";
			targets = (
				8E3297931DFEBEB90021B5D8 /* breakout */,
				8E3297A71DFEBEBA0021B5D8 /* breakoutTests */,
				8E3297B21DFEBEBA0021B5D8 /* breakoutUITests */,
			);
		};
/* End PBXProject section */

/* Begin PBXResourcesBuildPhase section */
		8E3297921DFEBEB90021B5D8 /* Resources */ = {
			isa = PBXResourcesBuildPhase;
			buildActionMask = 2147483647;
			files = (
				8E3297A21DFEBEB90021B5D8 /* LaunchScreen.storyboard in Resources */,
				8E32979F1DFEBEB90021B5D8 /* Assets.xcassets in Resources */,
				8E32979D1DFEBEB90021B5D8 /* Main.storyboard in Resources */,
			);
			runOnlyForDeploymentPostprocessing = 0;
		};
		8E3297A61DFEBEBA0021B5D8 /* Resources */ = {
			isa = PBXResourcesBuildPhase;
			buildActionMask = 2147483647;
			files = (
			);
			runOnlyForDeploymentPostprocessing = 0;
		};
		8E3297B11DFEBEBA0021B5D8 /* Resources */ = {
			isa = PBXResourcesBuildPhase;
			buildActionMask = 2147483647;
			files = (
			);
			runOnlyForDeploymentPostprocessing = 0;
		};
/* End PBXResourcesBuildPhase section */

/* Begin PBXSourcesBuildPhase section */
		8E3297901DFEBEB90021B5D8 /* Sources */ = {
			isa = PBXSourcesBuildPhase;
			buildActionMask = 2147483647;
			files = (
				8E32979A1DFEBEB90021B5D8 /* BreakoutViewController.swift in Sources */,
				8EE739421E0566CD00720FB1 /* TableViewController.swift in Sources */,
				8E1471FD1E049A0C006C1F5B /* Ball.swift in Sources */,
				8EE739461E05713100720FB1 /* Constants.swift in Sources */,
				8E8F85531E32838C00B4ADE6 /* PaddleView.swift in Sources */,
				8E6E04EB1E3778D5001E863D /* Ellipse.swift in Sources */,
				8E6D93DE1E365F050055CC7D /* DataController.swift in Sources */,
				8E1471F71E04999C006C1F5B /* BreakoutBehavior.swift in Sources */,
				8E793E3B1E33A28600E2C370 /* HighscoreViewController.swift in Sources */,
				8E6D93DC1E365E810055CC7D /* Model.xcdatamodeld in Sources */,
				8E6D93E21E3661310055CC7D /* DataHelper.swift in Sources */,
				8EEE71301E36A026003D82A5 /* TestItem.swift in Sources */,
				8E793E3D1E33A51E00E2C370 /* PointResult.swift in Sources */,
				8EE739441E05672B00720FB1 /* AppDelegate.swift in Sources */,
			);
			runOnlyForDeploymentPostprocessing = 0;
		};
		8E3297A41DFEBEBA0021B5D8 /* Sources */ = {
			isa = PBXSourcesBuildPhase;
			buildActionMask = 2147483647;
			files = (
			);
			runOnlyForDeploymentPostprocessing = 0;
		};
		8E3297AF1DFEBEBA0021B5D8 /* Sources */ = {
			isa = PBXSourcesBuildPhase;
			buildActionMask = 2147483647;
			files = (
			);
			runOnlyForDeploymentPostprocessing = 0;
		};
/* End PBXSourcesBuildPhase section */

/* Begin PBXTargetDependency section */
		8E3297AA1DFEBEBA0021B5D8 /* PBXTargetDependency */ = {
			isa = PBXTargetDependency;
			target = 8E3297931DFEBEB90021B5D8 /* breakout */;
			targetProxy = 8E3297A91DFEBEBA0021B5D8 /* PBXContainerItemProxy */;
		};
		8E3297B51DFEBEBA0021B5D8 /* PBXTargetDependency */ = {
			isa = PBXTargetDependency;
			target = 8E3297931DFEBEB90021B5D8 /* breakout */;
			targetProxy = 8E3297B41DFEBEBA0021B5D8 /* PBXContainerItemProxy */;
		};
/* End PBXTargetDependency section */

/* Begin PBXVariantGroup section */
		8E32979B1DFEBEB90021B5D8 /* Main.storyboard */ = {
			isa = PBXVariantGroup;
			children = (
				8E32979C1DFEBEB90021B5D8 /* Base */,
			);
			name = Main.storyboard;
			sourceTree = "<group>";
		};
		8E3297A01DFEBEB90021B5D8 /* LaunchScreen.storyboard */ = {
			isa = PBXVariantGroup;
			children = (
				8E3297A11DFEBEB90021B5D8 /* Base */,
			);
			name = LaunchScreen.storyboard;
			sourceTree = "<group>";
		};
/* End PBXVariantGroup section */

/* Begin XCBuildConfiguration section */
		8E3297BA1DFEBEBA0021B5D8 /* Debug */ = {
			isa = XCBuildConfiguration;
			buildSettings = {
				ALWAYS_SEARCH_USER_PATHS = NO;
				CLANG_ANALYZER_NONNULL = YES;
				CLANG_CXX_LANGUAGE_STANDARD = "gnu++0x";
				CLANG_CXX_LIBRARY = "libc++";
				CLANG_ENABLE_MODULES = YES;
				CLANG_ENABLE_OBJC_ARC = YES;
				CLANG_WARN_BOOL_CONVERSION = YES;
				CLANG_WARN_CONSTANT_CONVERSION = YES;
				CLANG_WARN_DIRECT_OBJC_ISA_USAGE = YES_ERROR;
				CLANG_WARN_DOCUMENTATION_COMMENTS = YES;
				CLANG_WARN_EMPTY_BODY = YES;
				CLANG_WARN_ENUM_CONVERSION = YES;
				CLANG_WARN_INFINITE_RECURSION = YES;
				CLANG_WARN_INT_CONVERSION = YES;
				CLANG_WARN_OBJC_ROOT_CLASS = YES_ERROR;
				CLANG_WARN_SUSPICIOUS_MOVES = YES;
				CLANG_WARN_UNREACHABLE_CODE = YES;
				CLANG_WARN__DUPLICATE_METHOD_MATCH = YES;
				"CODE_SIGN_IDENTITY[sdk=iphoneos*]" = "iPhone Developer";
				COPY_PHASE_STRIP = NO;
				DEBUG_INFORMATION_FORMAT = dwarf;
				ENABLE_STRICT_OBJC_MSGSEND = YES;
				ENABLE_TESTABILITY = YES;
				GCC_C_LANGUAGE_STANDARD = gnu99;
				GCC_DYNAMIC_NO_PIC = NO;
				GCC_NO_COMMON_BLOCKS = YES;
				GCC_OPTIMIZATION_LEVEL = 0;
				GCC_PREPROCESSOR_DEFINITIONS = (
					"DEBUG=1",
					"$(inherited)",
				);
				GCC_WARN_64_TO_32_BIT_CONVERSION = YES;
				GCC_WARN_ABOUT_RETURN_TYPE = YES_ERROR;
				GCC_WARN_UNDECLARED_SELECTOR = YES;
				GCC_WARN_UNINITIALIZED_AUTOS = YES_AGGRESSIVE;
				GCC_WARN_UNUSED_FUNCTION = YES;
				GCC_WARN_UNUSED_VARIABLE = YES;
				IPHONEOS_DEPLOYMENT_TARGET = 10.0;
				MTL_ENABLE_DEBUG_INFO = YES;
				ONLY_ACTIVE_ARCH = YES;
				SDKROOT = iphoneos;
				SWIFT_ACTIVE_COMPILATION_CONDITIONS = DEBUG;
				SWIFT_OPTIMIZATION_LEVEL = "-Onone";
				TARGETED_DEVICE_FAMILY = "1,2";
			};
			name = Debug;
		};
		8E3297BB1DFEBEBA0021B5D8 /* Release */ = {
			isa = XCBuildConfiguration;
			buildSettings = {
				ALWAYS_SEARCH_USER_PATHS = NO;
				CLANG_ANALYZER_NONNULL = YES;
				CLANG_CXX_LANGUAGE_STANDARD = "gnu++0x";
				CLANG_CXX_LIBRARY = "libc++";
				CLANG_ENABLE_MODULES = YES;
				CLANG_ENABLE_OBJC_ARC = YES;
				CLANG_WARN_BOOL_CONVERSION = YES;
				CLANG_WARN_CONSTANT_CONVERSION = YES;
				CLANG_WARN_DIRECT_OBJC_ISA_USAGE = YES_ERROR;
				CLANG_WARN_DOCUMENTATION_COMMENTS = YES;
				CLANG_WARN_EMPTY_BODY = YES;
				CLANG_WARN_ENUM_CONVERSION = YES;
				CLANG_WARN_INFINITE_RECURSION = YES;
				CLANG_WARN_INT_CONVERSION = YES;
				CLANG_WARN_OBJC_ROOT_CLASS = YES_ERROR;
				CLANG_WARN_SUSPICIOUS_MOVES = YES;
				CLANG_WARN_UNREACHABLE_CODE = YES;
				CLANG_WARN__DUPLICATE_METHOD_MATCH = YES;
				"CODE_SIGN_IDENTITY[sdk=iphoneos*]" = "iPhone Developer";
				COPY_PHASE_STRIP = NO;
				DEBUG_INFORMATION_FORMAT = "dwarf-with-dsym";
				ENABLE_NS_ASSERTIONS = NO;
				ENABLE_STRICT_OBJC_MSGSEND = YES;
				GCC_C_LANGUAGE_STANDARD = gnu99;
				GCC_NO_COMMON_BLOCKS = YES;
				GCC_WARN_64_TO_32_BIT_CONVERSION = YES;
				GCC_WARN_ABOUT_RETURN_TYPE = YES_ERROR;
				GCC_WARN_UNDECLARED_SELECTOR = YES;
				GCC_WARN_UNINITIALIZED_AUTOS = YES_AGGRESSIVE;
				GCC_WARN_UNUSED_FUNCTION = YES;
				GCC_WARN_UNUSED_VARIABLE = YES;
				IPHONEOS_DEPLOYMENT_TARGET = 10.0;
				MTL_ENABLE_DEBUG_INFO = NO;
				SDKROOT = iphoneos;
				SWIFT_OPTIMIZATION_LEVEL = "-Owholemodule";
				TARGETED_DEVICE_FAMILY = "1,2";
				VALIDATE_PRODUCT = YES;
			};
			name = Release;
		};
		8E3297BD1DFEBEBA0021B5D8 /* Debug */ = {
			isa = XCBuildConfiguration;
			buildSettings = {
				ASSETCATALOG_COMPILER_APPICON_NAME = AppIcon;
				INFOPLIST_FILE = breakout/Info.plist;
				LD_RUNPATH_SEARCH_PATHS = "$(inherited) @executable_path/Frameworks";
				PRODUCT_BUNDLE_IDENTIFIER = hsel.breakout;
				PRODUCT_NAME = "$(TARGET_NAME)";
				SWIFT_VERSION = 3.0;
			};
			name = Debug;
		};
		8E3297BE1DFEBEBA0021B5D8 /* Release */ = {
			isa = XCBuildConfiguration;
			buildSettings = {
				ASSETCATALOG_COMPILER_APPICON_NAME = AppIcon;
				INFOPLIST_FILE = breakout/Info.plist;
				LD_RUNPATH_SEARCH_PATHS = "$(inherited) @executable_path/Frameworks";
				PRODUCT_BUNDLE_IDENTIFIER = hsel.breakout;
				PRODUCT_NAME = "$(TARGET_NAME)";
				SWIFT_VERSION = 3.0;
			};
			name = Release;
		};
		8E3297C01DFEBEBA0021B5D8 /* Debug */ = {
			isa = XCBuildConfiguration;
			buildSettings = {
				ALWAYS_EMBED_SWIFT_STANDARD_LIBRARIES = YES;
				BUNDLE_LOADER = "$(TEST_HOST)";
				INFOPLIST_FILE = breakoutTests/Info.plist;
				LD_RUNPATH_SEARCH_PATHS = "$(inherited) @executable_path/Frameworks @loader_path/Frameworks";
				PRODUCT_BUNDLE_IDENTIFIER = hsel.breakoutTests;
				PRODUCT_NAME = "$(TARGET_NAME)";
				SWIFT_VERSION = 3.0;
				TEST_HOST = "$(BUILT_PRODUCTS_DIR)/breakout.app/breakout";
			};
			name = Debug;
		};
		8E3297C11DFEBEBA0021B5D8 /* Release */ = {
			isa = XCBuildConfiguration;
			buildSettings = {
				ALWAYS_EMBED_SWIFT_STANDARD_LIBRARIES = YES;
				BUNDLE_LOADER = "$(TEST_HOST)";
				INFOPLIST_FILE = breakoutTests/Info.plist;
				LD_RUNPATH_SEARCH_PATHS = "$(inherited) @executable_path/Frameworks @loader_path/Frameworks";
				PRODUCT_BUNDLE_IDENTIFIER = hsel.breakoutTests;
				PRODUCT_NAME = "$(TARGET_NAME)";
				SWIFT_VERSION = 3.0;
				TEST_HOST = "$(BUILT_PRODUCTS_DIR)/breakout.app/breakout";
			};
			name = Release;
		};
		8E3297C31DFEBEBA0021B5D8 /* Debug */ = {
			isa = XCBuildConfiguration;
			buildSettings = {
				ALWAYS_EMBED_SWIFT_STANDARD_LIBRARIES = YES;
				INFOPLIST_FILE = breakoutUITests/Info.plist;
				LD_RUNPATH_SEARCH_PATHS = "$(inherited) @executable_path/Frameworks @loader_path/Frameworks";
				PRODUCT_BUNDLE_IDENTIFIER = hsel.breakoutUITests;
				PRODUCT_NAME = "$(TARGET_NAME)";
				SWIFT_VERSION = 3.0;
				TEST_TARGET_NAME = breakout;
			};
			name = Debug;
		};
		8E3297C41DFEBEBA0021B5D8 /* Release */ = {
			isa = XCBuildConfiguration;
			buildSettings = {
				ALWAYS_EMBED_SWIFT_STANDARD_LIBRARIES = YES;
				INFOPLIST_FILE = breakoutUITests/Info.plist;
				LD_RUNPATH_SEARCH_PATHS = "$(inherited) @executable_path/Frameworks @loader_path/Frameworks";
				PRODUCT_BUNDLE_IDENTIFIER = hsel.breakoutUITests;
				PRODUCT_NAME = "$(TARGET_NAME)";
				SWIFT_VERSION = 3.0;
				TEST_TARGET_NAME = breakout;
			};
			name = Release;
		};
/* End XCBuildConfiguration section */

/* Begin XCConfigurationList section */
		8E32978F1DFEBEB90021B5D8 /* Build configuration list for PBXProject "breakout" */ = {
			isa = XCConfigurationList;
			buildConfigurations = (
				8E3297BA1DFEBEBA0021B5D8 /* Debug */,
				8E3297BB1DFEBEBA0021B5D8 /* Release */,
			);
			defaultConfigurationIsVisible = 0;
			defaultConfigurationName = Release;
		};
		8E3297BC1DFEBEBA0021B5D8 /* Build configuration list for PBXNativeTarget "breakout" */ = {
			isa = XCConfigurationList;
			buildConfigurations = (
				8E3297BD1DFEBEBA0021B5D8 /* Debug */,
				8E3297BE1DFEBEBA0021B5D8 /* Release */,
			);
			defaultConfigurationIsVisible = 0;
			defaultConfigurationName = Release;
		};
		8E3297BF1DFEBEBA0021B5D8 /* Build configuration list for PBXNativeTarget "breakoutTests" */ = {
			isa = XCConfigurationList;
			buildConfigurations = (
				8E3297C01DFEBEBA0021B5D8 /* Debug */,
				8E3297C11DFEBEBA0021B5D8 /* Release */,
			);
			defaultConfigurationIsVisible = 0;
			defaultConfigurationName = Release;
		};
		8E3297C21DFEBEBA0021B5D8 /* Build configuration list for PBXNativeTarget "breakoutUITests" */ = {
			isa = XCConfigurationList;
			buildConfigurations = (
				8E3297C31DFEBEBA0021B5D8 /* Debug */,
				8E3297C41DFEBEBA0021B5D8 /* Release */,
			);
			defaultConfigurationIsVisible = 0;
			defaultConfigurationName = Release;
		};
/* End XCConfigurationList section */

/* Begin XCVersionGroup section */
		8E6D93DA1E365E810055CC7D /* Model.xcdatamodeld */ = {
			isa = XCVersionGroup;
			children = (
				8E6D93DB1E365E810055CC7D /* Model.xcdatamodel */,
			);
			currentVersion = 8E6D93DB1E365E810055CC7D /* Model.xcdatamodel */;
			path = Model.xcdatamodeld;
			sourceTree = "<group>";
			versionGroupType = wrapper.xcdatamodel;
		};
/* End XCVersionGroup section */
	};
	rootObject = 8E32978C1DFEBEB90021B5D8 /* Project object */;
}
